// !$*UTF8*$!
{
	archiveVersion = 1;
	classes = {
	};
	objectVersion = 48;
	objects = {

/* Begin PBXBuildFile section */
		0900C9E4F006748AD4B98047 /* Pods_Survey.framework in Frameworks */ = {isa = PBXBuildFile; fileRef = 9D31E2412DD3EA82F3A02754 /* Pods_Survey.framework */; };
		2E3645F81FA13D2100A8FC5B /* NotificationManager.swift in Sources */ = {isa = PBXBuildFile; fileRef = 2E3645F71FA13D2100A8FC5B /* NotificationManager.swift */; };
		2E895E372001DC9E008C52C5 /* Upload.swift in Sources */ = {isa = PBXBuildFile; fileRef = 2E895E362001DC9E008C52C5 /* Upload.swift */; };
		2EA558411F8B722200D2E9EE /* AppDelegate.swift in Sources */ = {isa = PBXBuildFile; fileRef = 2EA558401F8B722200D2E9EE /* AppDelegate.swift */; };
		2EA558461F8B722200D2E9EE /* Main.storyboard in Resources */ = {isa = PBXBuildFile; fileRef = 2EA558441F8B722200D2E9EE /* Main.storyboard */; };
		2EA558491F8B722200D2E9EE /* Survey.xcdatamodeld in Sources */ = {isa = PBXBuildFile; fileRef = 2EA558471F8B722200D2E9EE /* Survey.xcdatamodeld */; };
		2EA5584B1F8B722200D2E9EE /* Assets.xcassets in Resources */ = {isa = PBXBuildFile; fileRef = 2EA5584A1F8B722200D2E9EE /* Assets.xcassets */; };
		2EAA84A41F9C19B0000B60C7 /* MCrypt.swift in Sources */ = {isa = PBXBuildFile; fileRef = 2EAA84A31F9C19B0000B60C7 /* MCrypt.swift */; };
		2EAA84A61F9C2388000B60C7 /* StringHex.swift in Sources */ = {isa = PBXBuildFile; fileRef = 2EAA84A51F9C2388000B60C7 /* StringHex.swift */; };
		2EAA84B01F9C2954000B60C7 /* CryptoSwift.framework in Frameworks */ = {isa = PBXBuildFile; fileRef = 2EAA84B11F9C2954000B60C7 /* CryptoSwift.framework */; };
		2EE5C90C1F934D050097F328 /* DateUtil.swift in Sources */ = {isa = PBXBuildFile; fileRef = 2EE5C8FA1F934D050097F328 /* DateUtil.swift */; };
		2EE5C90D1F934D050097F328 /* Notification.swift in Sources */ = {isa = PBXBuildFile; fileRef = 2EE5C8FB1F934D050097F328 /* Notification.swift */; };
		2EE5C90F1F934D050097F328 /* NubisDelayedAnswer.swift in Sources */ = {isa = PBXBuildFile; fileRef = 2EE5C8FD1F934D050097F328 /* NubisDelayedAnswer.swift */; };
		2EE5C9111F934D050097F328 /* Uri.swift in Sources */ = {isa = PBXBuildFile; fileRef = 2EE5C8FF1F934D050097F328 /* Uri.swift */; };
		2EE5C9121F934D050097F328 /* Constants.swift in Sources */ = {isa = PBXBuildFile; fileRef = 2EE5C9011F934D050097F328 /* Constants.swift */; };
		2EE5C9131F934D050097F328 /* Strings.swift in Sources */ = {isa = PBXBuildFile; fileRef = 2EE5C9021F934D050097F328 /* Strings.swift */; };
		2EE5C9141F934D050097F328 /* admainViewController.swift in Sources */ = {isa = PBXBuildFile; fileRef = 2EE5C9041F934D050097F328 /* admainViewController.swift */; };
		2EE5C9151F934D050097F328 /* alarmTableViewCell.swift in Sources */ = {isa = PBXBuildFile; fileRef = 2EE5C9051F934D050097F328 /* alarmTableViewCell.swift */; };
		2EE5C9161F934D050097F328 /* recordViewController.swift in Sources */ = {isa = PBXBuildFile; fileRef = 2EE5C9061F934D050097F328 /* recordViewController.swift */; };
		2EE5C9171F934D050097F328 /* ViewController.swift in Sources */ = {isa = PBXBuildFile; fileRef = 2EE5C9071F934D050097F328 /* ViewController.swift */; };
		2EE5C9181F934D050097F328 /* Settings.swift in Sources */ = {isa = PBXBuildFile; fileRef = 2EE5C9091F934D050097F328 /* Settings.swift */; };
		2EE5C9191F934D050097F328 /* Survey.swift in Sources */ = {isa = PBXBuildFile; fileRef = 2EE5C90A1F934D050097F328 /* Survey.swift */; };
		2EE5C91A1F934D050097F328 /* UrlBuilder.swift in Sources */ = {isa = PBXBuildFile; fileRef = 2EE5C90B1F934D050097F328 /* UrlBuilder.swift */; };
		2EEE47281FDB60B60084989C /* JsonParser.swift in Sources */ = {isa = PBXBuildFile; fileRef = 2EEE47271FDB60B60084989C /* JsonParser.swift */; };
		2EFB1E702016CDB700826EAA /* LocalFileManager.swift in Sources */ = {isa = PBXBuildFile; fileRef = 2EFB1E6F2016CDB600826EAA /* LocalFileManager.swift */; };
/* End PBXBuildFile section */

/* Begin PBXFileReference section */
		2E3645F71FA13D2100A8FC5B /* NotificationManager.swift */ = {isa = PBXFileReference; lastKnownFileType = sourcecode.swift; path = NotificationManager.swift; sourceTree = "<group>"; };
		2E895E362001DC9E008C52C5 /* Upload.swift */ = {isa = PBXFileReference; lastKnownFileType = sourcecode.swift; path = Upload.swift; sourceTree = "<group>"; };
		2EA5583D1F8B722200D2E9EE /* Survey.app */ = {isa = PBXFileReference; explicitFileType = wrapper.application; includeInIndex = 0; path = Survey.app; sourceTree = BUILT_PRODUCTS_DIR; };
		2EA558401F8B722200D2E9EE /* AppDelegate.swift */ = {isa = PBXFileReference; lastKnownFileType = sourcecode.swift; path = AppDelegate.swift; sourceTree = "<group>"; };
		2EA558451F8B722200D2E9EE /* Base */ = {isa = PBXFileReference; lastKnownFileType = file.storyboard; name = Base; path = Base.lproj/Main.storyboard; sourceTree = "<group>"; };
		2EA558481F8B722200D2E9EE /* Survey.xcdatamodel */ = {isa = PBXFileReference; lastKnownFileType = wrapper.xcdatamodel; path = Survey.xcdatamodel; sourceTree = "<group>"; };
		2EA5584A1F8B722200D2E9EE /* Assets.xcassets */ = {isa = PBXFileReference; lastKnownFileType = folder.assetcatalog; path = Assets.xcassets; sourceTree = "<group>"; };
		2EA5584F1F8B722200D2E9EE /* Info.plist */ = {isa = PBXFileReference; lastKnownFileType = text.plist.xml; path = Info.plist; sourceTree = "<group>"; };
		2EAA84A31F9C19B0000B60C7 /* MCrypt.swift */ = {isa = PBXFileReference; lastKnownFileType = sourcecode.swift; path = MCrypt.swift; sourceTree = "<group>"; };
		2EAA84A51F9C2388000B60C7 /* StringHex.swift */ = {isa = PBXFileReference; lastKnownFileType = sourcecode.swift; path = StringHex.swift; sourceTree = "<group>"; };
		2EAA84B11F9C2954000B60C7 /* CryptoSwift.framework */ = {isa = PBXFileReference; explicitFileType = wrapper.framework; path = CryptoSwift.framework; sourceTree = BUILT_PRODUCTS_DIR; };
		2EE5C8FA1F934D050097F328 /* DateUtil.swift */ = {isa = PBXFileReference; fileEncoding = 4; lastKnownFileType = sourcecode.swift; path = DateUtil.swift; sourceTree = "<group>"; };
		2EE5C8FB1F934D050097F328 /* Notification.swift */ = {isa = PBXFileReference; fileEncoding = 4; lastKnownFileType = sourcecode.swift; path = Notification.swift; sourceTree = "<group>"; };
		2EE5C8FD1F934D050097F328 /* NubisDelayedAnswer.swift */ = {isa = PBXFileReference; fileEncoding = 4; lastKnownFileType = sourcecode.swift; path = NubisDelayedAnswer.swift; sourceTree = "<group>"; };
		2EE5C8FF1F934D050097F328 /* Uri.swift */ = {isa = PBXFileReference; fileEncoding = 4; lastKnownFileType = sourcecode.swift; path = Uri.swift; sourceTree = "<group>"; };
		2EE5C9011F934D050097F328 /* Constants.swift */ = {isa = PBXFileReference; fileEncoding = 4; lastKnownFileType = sourcecode.swift; path = Constants.swift; sourceTree = "<group>"; };
		2EE5C9021F934D050097F328 /* Strings.swift */ = {isa = PBXFileReference; fileEncoding = 4; lastKnownFileType = sourcecode.swift; path = Strings.swift; sourceTree = "<group>"; };
		2EE5C9041F934D050097F328 /* admainViewController.swift */ = {isa = PBXFileReference; fileEncoding = 4; lastKnownFileType = sourcecode.swift; path = admainViewController.swift; sourceTree = "<group>"; };
		2EE5C9051F934D050097F328 /* alarmTableViewCell.swift */ = {isa = PBXFileReference; fileEncoding = 4; lastKnownFileType = sourcecode.swift; path = alarmTableViewCell.swift; sourceTree = "<group>"; };
		2EE5C9061F934D050097F328 /* recordViewController.swift */ = {isa = PBXFileReference; fileEncoding = 4; lastKnownFileType = sourcecode.swift; path = recordViewController.swift; sourceTree = "<group>"; };
		2EE5C9071F934D050097F328 /* ViewController.swift */ = {isa = PBXFileReference; fileEncoding = 4; lastKnownFileType = sourcecode.swift; path = ViewController.swift; sourceTree = "<group>"; };
		2EE5C9091F934D050097F328 /* Settings.swift */ = {isa = PBXFileReference; fileEncoding = 4; lastKnownFileType = sourcecode.swift; path = Settings.swift; sourceTree = "<group>"; };
		2EE5C90A1F934D050097F328 /* Survey.swift */ = {isa = PBXFileReference; fileEncoding = 4; lastKnownFileType = sourcecode.swift; path = Survey.swift; sourceTree = "<group>"; };
		2EE5C90B1F934D050097F328 /* UrlBuilder.swift */ = {isa = PBXFileReference; fileEncoding = 4; lastKnownFileType = sourcecode.swift; path = UrlBuilder.swift; sourceTree = "<group>"; };
		2EEE47271FDB60B60084989C /* JsonParser.swift */ = {isa = PBXFileReference; lastKnownFileType = sourcecode.swift; path = JsonParser.swift; sourceTree = "<group>"; };
		2EFB1E6F2016CDB600826EAA /* LocalFileManager.swift */ = {isa = PBXFileReference; fileEncoding = 4; lastKnownFileType = sourcecode.swift; path = LocalFileManager.swift; sourceTree = "<group>"; };
		67E5116A8EF8B9F6E5A8E5D1 /* Pods-Survey.debug.xcconfig */ = {isa = PBXFileReference; includeInIndex = 1; lastKnownFileType = text.xcconfig; name = "Pods-Survey.debug.xcconfig"; path = "Pods/Target Support Files/Pods-Survey/Pods-Survey.debug.xcconfig"; sourceTree = "<group>"; };
		9D31E2412DD3EA82F3A02754 /* Pods_Survey.framework */ = {isa = PBXFileReference; explicitFileType = wrapper.framework; includeInIndex = 0; path = Pods_Survey.framework; sourceTree = BUILT_PRODUCTS_DIR; };
		AFAAA4946A37D3E96A92475E /* Pods-Survey.release.xcconfig */ = {isa = PBXFileReference; includeInIndex = 1; lastKnownFileType = text.xcconfig; name = "Pods-Survey.release.xcconfig"; path = "Pods/Target Support Files/Pods-Survey/Pods-Survey.release.xcconfig"; sourceTree = "<group>"; };
/* End PBXFileReference section */

/* Begin PBXFrameworksBuildPhase section */
		2EA5583A1F8B722200D2E9EE /* Frameworks */ = {
			isa = PBXFrameworksBuildPhase;
			buildActionMask = 2147483647;
			files = (
				2EAA84B01F9C2954000B60C7 /* CryptoSwift.framework in Frameworks */,
				0900C9E4F006748AD4B98047 /* Pods_Survey.framework in Frameworks */,
			);
			runOnlyForDeploymentPostprocessing = 0;
		};
/* End PBXFrameworksBuildPhase section */

/* Begin PBXGroup section */
		07E903AF5A9D8114ADBE52FB /* Pods */ = {
			isa = PBXGroup;
			children = (
				67E5116A8EF8B9F6E5A8E5D1 /* Pods-Survey.debug.xcconfig */,
				AFAAA4946A37D3E96A92475E /* Pods-Survey.release.xcconfig */,
			);
			name = Pods;
			sourceTree = "<group>";
		};
		2EA558341F8B722200D2E9EE = {
			isa = PBXGroup;
			children = (
				2EA5583F1F8B722200D2E9EE /* Survey */,
				2EA5583E1F8B722200D2E9EE /* Products */,
				07E903AF5A9D8114ADBE52FB /* Pods */,
				F5ACCD833C3D3737794F61F0 /* Frameworks */,
			);
			sourceTree = "<group>";
		};
		2EA5583E1F8B722200D2E9EE /* Products */ = {
			isa = PBXGroup;
			children = (
				2EA5583D1F8B722200D2E9EE /* Survey.app */,
			);
			name = Products;
			sourceTree = "<group>";
		};
		2EA5583F1F8B722200D2E9EE /* Survey */ = {
			isa = PBXGroup;
			children = (
				2EE5C9081F934D050097F328 /* model */,
				2EE5C8F91F934D050097F328 /* util */,
				2EE5C9031F934D050097F328 /* viewController */,
				2EA558401F8B722200D2E9EE /* AppDelegate.swift */,
				2EA558441F8B722200D2E9EE /* Main.storyboard */,
				2EA5584A1F8B722200D2E9EE /* Assets.xcassets */,
				2EA5584F1F8B722200D2E9EE /* Info.plist */,
				2EA558471F8B722200D2E9EE /* Survey.xcdatamodeld */,
			);
			path = Survey;
			sourceTree = "<group>";
		};
		2EE5C8F91F934D050097F328 /* util */ = {
			isa = PBXGroup;
			children = (
				2EE5C8FA1F934D050097F328 /* DateUtil.swift */,
				2EE5C8FB1F934D050097F328 /* Notification.swift */,
				2EE5C8FD1F934D050097F328 /* NubisDelayedAnswer.swift */,
				2EAA84A51F9C2388000B60C7 /* StringHex.swift */,
				2EAA84A31F9C19B0000B60C7 /* MCrypt.swift */,
				2EE5C8FF1F934D050097F328 /* Uri.swift */,
				2EE5C9011F934D050097F328 /* Constants.swift */,
				2EE5C9021F934D050097F328 /* Strings.swift */,
				2E895E362001DC9E008C52C5 /* Upload.swift */,
				2EFB1E6F2016CDB600826EAA /* LocalFileManager.swift */,
			);
			path = util;
			sourceTree = "<group>";
		};
		2EE5C9031F934D050097F328 /* viewController */ = {
			isa = PBXGroup;
			children = (
				2EE5C9041F934D050097F328 /* admainViewController.swift */,
				2EE5C9051F934D050097F328 /* alarmTableViewCell.swift */,
				2EE5C9061F934D050097F328 /* recordViewController.swift */,
				2E3645F71FA13D2100A8FC5B /* NotificationManager.swift */,
				2EE5C9071F934D050097F328 /* ViewController.swift */,
			);
			path = viewController;
			sourceTree = "<group>";
		};
		2EE5C9081F934D050097F328 /* model */ = {
			isa = PBXGroup;
			children = (
				2EE5C9091F934D050097F328 /* Settings.swift */,
				2EE5C90A1F934D050097F328 /* Survey.swift */,
				2EE5C90B1F934D050097F328 /* UrlBuilder.swift */,
				2EEE47271FDB60B60084989C /* JsonParser.swift */,
			);
			path = model;
			sourceTree = "<group>";
		};
		F5ACCD833C3D3737794F61F0 /* Frameworks */ = {
			isa = PBXGroup;
			children = (
				2EAA84B11F9C2954000B60C7 /* CryptoSwift.framework */,
				9D31E2412DD3EA82F3A02754 /* Pods_Survey.framework */,
			);
			name = Frameworks;
			sourceTree = "<group>";
		};
/* End PBXGroup section */

/* Begin PBXNativeTarget section */
		2EA5583C1F8B722200D2E9EE /* Survey */ = {
			isa = PBXNativeTarget;
			buildConfigurationList = 2EA558521F8B722200D2E9EE /* Build configuration list for PBXNativeTarget "Survey" */;
			buildPhases = (
				73245EE400F43C14E4C46A4C /* [CP] Check Pods Manifest.lock */,
				2EA558391F8B722200D2E9EE /* Sources */,
				2EA5583A1F8B722200D2E9EE /* Frameworks */,
				2EA5583B1F8B722200D2E9EE /* Resources */,
				565B6318CCB2ECD480FF23B6 /* [CP] Embed Pods Frameworks */,
				7D2BCE676CB95A454EED9DB7 /* [CP] Copy Pods Resources */,
			);
			buildRules = (
			);
			dependencies = (
			);
			name = Survey;
			productName = Survey;
			productReference = 2EA5583D1F8B722200D2E9EE /* Survey.app */;
			productType = "com.apple.product-type.application";
		};
/* End PBXNativeTarget section */

/* Begin PBXProject section */
		2EA558351F8B722200D2E9EE /* Project object */ = {
			isa = PBXProject;
			attributes = {
				LastSwiftUpdateCheck = 0900;
				LastUpgradeCheck = 0900;
				ORGANIZATIONNAME = "Qinjia Huang";
				TargetAttributes = {
					2EA5583C1F8B722200D2E9EE = {
						CreatedOnToolsVersion = 9.0;
						ProvisioningStyle = Automatic;
						SystemCapabilities = {
							com.apple.BackgroundModes = {
								enabled = 1;
							};
						};
					};
				};
			};
			buildConfigurationList = 2EA558381F8B722200D2E9EE /* Build configuration list for PBXProject "Survey" */;
			compatibilityVersion = "Xcode 8.0";
			developmentRegion = en;
			hasScannedForEncodings = 0;
			knownRegions = (
				en,
				Base,
			);
			mainGroup = 2EA558341F8B722200D2E9EE;
			productRefGroup = 2EA5583E1F8B722200D2E9EE /* Products */;
			projectDirPath = "";
			projectRoot = "";
			targets = (
				2EA5583C1F8B722200D2E9EE /* Survey */,
			);
		};
/* End PBXProject section */

/* Begin PBXResourcesBuildPhase section */
		2EA5583B1F8B722200D2E9EE /* Resources */ = {
			isa = PBXResourcesBuildPhase;
			buildActionMask = 2147483647;
			files = (
				2EA5584B1F8B722200D2E9EE /* Assets.xcassets in Resources */,
				2EA558461F8B722200D2E9EE /* Main.storyboard in Resources */,
			);
			runOnlyForDeploymentPostprocessing = 0;
		};
/* End PBXResourcesBuildPhase section */

/* Begin PBXShellScriptBuildPhase section */
		565B6318CCB2ECD480FF23B6 /* [CP] Embed Pods Frameworks */ = {
			isa = PBXShellScriptBuildPhase;
			buildActionMask = 2147483647;
			files = (
			);
			inputPaths = (
				"${SRCROOT}/Pods/Target Support Files/Pods-Survey/Pods-Survey-frameworks.sh",
				"${BUILT_PRODUCTS_DIR}/Alamofire/Alamofire.framework",
				"${BUILT_PRODUCTS_DIR}/CryptoSwift/CryptoSwift.framework",
				"${BUILT_PRODUCTS_DIR}/EasyToast/EasyToast.framework",
				"${BUILT_PRODUCTS_DIR}/SwiftSpinner/SwiftSpinner.framework",
				"${BUILT_PRODUCTS_DIR}/SwiftyJSON/SwiftyJSON.framework",
			);
			name = "[CP] Embed Pods Frameworks";
			outputPaths = (
				"${TARGET_BUILD_DIR}/${FRAMEWORKS_FOLDER_PATH}/Alamofire.framework",
				"${TARGET_BUILD_DIR}/${FRAMEWORKS_FOLDER_PATH}/CryptoSwift.framework",
				"${TARGET_BUILD_DIR}/${FRAMEWORKS_FOLDER_PATH}/EasyToast.framework",
				"${TARGET_BUILD_DIR}/${FRAMEWORKS_FOLDER_PATH}/SwiftSpinner.framework",
				"${TARGET_BUILD_DIR}/${FRAMEWORKS_FOLDER_PATH}/SwiftyJSON.framework",
			);
			runOnlyForDeploymentPostprocessing = 0;
			shellPath = /bin/sh;
			shellScript = "\"${SRCROOT}/Pods/Target Support Files/Pods-Survey/Pods-Survey-frameworks.sh\"\n";
			showEnvVarsInLog = 0;
		};
		73245EE400F43C14E4C46A4C /* [CP] Check Pods Manifest.lock */ = {
			isa = PBXShellScriptBuildPhase;
			buildActionMask = 2147483647;
			files = (
			);
			inputPaths = (
				"${PODS_PODFILE_DIR_PATH}/Podfile.lock",
				"${PODS_ROOT}/Manifest.lock",
			);
			name = "[CP] Check Pods Manifest.lock";
			outputPaths = (
				"$(DERIVED_FILE_DIR)/Pods-Survey-checkManifestLockResult.txt",
			);
			runOnlyForDeploymentPostprocessing = 0;
			shellPath = /bin/sh;
			shellScript = "diff \"${PODS_PODFILE_DIR_PATH}/Podfile.lock\" \"${PODS_ROOT}/Manifest.lock\" > /dev/null\nif [ $? != 0 ] ; then\n    # print error to STDERR\n    echo \"error: The sandbox is not in sync with the Podfile.lock. Run 'pod install' or update your CocoaPods installation.\" >&2\n    exit 1\nfi\n# This output is used by Xcode 'outputs' to avoid re-running this script phase.\necho \"SUCCESS\" > \"${SCRIPT_OUTPUT_FILE_0}\"\n";
			showEnvVarsInLog = 0;
		};
		7D2BCE676CB95A454EED9DB7 /* [CP] Copy Pods Resources */ = {
			isa = PBXShellScriptBuildPhase;
			buildActionMask = 2147483647;
			files = (
			);
			inputPaths = (
			);
			name = "[CP] Copy Pods Resources";
			outputPaths = (
			);
			runOnlyForDeploymentPostprocessing = 0;
			shellPath = /bin/sh;
			shellScript = "\"${SRCROOT}/Pods/Target Support Files/Pods-Survey/Pods-Survey-resources.sh\"\n";
			showEnvVarsInLog = 0;
		};
/* End PBXShellScriptBuildPhase section */

/* Begin PBXSourcesBuildPhase section */
		2EA558391F8B722200D2E9EE /* Sources */ = {
			isa = PBXSourcesBuildPhase;
			buildActionMask = 2147483647;
			files = (
				2EE5C90F1F934D050097F328 /* NubisDelayedAnswer.swift in Sources */,
				2EFB1E702016CDB700826EAA /* LocalFileManager.swift in Sources */,
				2EE5C9151F934D050097F328 /* alarmTableViewCell.swift in Sources */,
				2EE5C91A1F934D050097F328 /* UrlBuilder.swift in Sources */,
				2EA558411F8B722200D2E9EE /* AppDelegate.swift in Sources */,
				2EAA84A61F9C2388000B60C7 /* StringHex.swift in Sources */,
				2EE5C9131F934D050097F328 /* Strings.swift in Sources */,
				2EE5C9141F934D050097F328 /* admainViewController.swift in Sources */,
				2EE5C9111F934D050097F328 /* Uri.swift in Sources */,
				2EEE47281FDB60B60084989C /* JsonParser.swift in Sources */,
				2EE5C9191F934D050097F328 /* Survey.swift in Sources */,
				2EE5C90D1F934D050097F328 /* Notification.swift in Sources */,
				2EE5C9171F934D050097F328 /* ViewController.swift in Sources */,
				2EE5C9181F934D050097F328 /* Settings.swift in Sources */,
				2EE5C9161F934D050097F328 /* recordViewController.swift in Sources */,
				2EAA84A41F9C19B0000B60C7 /* MCrypt.swift in Sources */,
				2EE5C90C1F934D050097F328 /* DateUtil.swift in Sources */,
				2E895E372001DC9E008C52C5 /* Upload.swift in Sources */,
				2E3645F81FA13D2100A8FC5B /* NotificationManager.swift in Sources */,
				2EA558491F8B722200D2E9EE /* Survey.xcdatamodeld in Sources */,
				2EE5C9121F934D050097F328 /* Constants.swift in Sources */,
			);
			runOnlyForDeploymentPostprocessing = 0;
		};
/* End PBXSourcesBuildPhase section */

/* Begin PBXVariantGroup section */
		2EA558441F8B722200D2E9EE /* Main.storyboard */ = {
			isa = PBXVariantGroup;
			children = (
				2EA558451F8B722200D2E9EE /* Base */,
			);
			name = Main.storyboard;
			sourceTree = "<group>";
		};
/* End PBXVariantGroup section */

/* Begin XCBuildConfiguration section */
		2EA558501F8B722200D2E9EE /* Debug */ = {
			isa = XCBuildConfiguration;
			buildSettings = {
				ALWAYS_SEARCH_USER_PATHS = NO;
				CLANG_ANALYZER_NONNULL = YES;
				CLANG_ANALYZER_NUMBER_OBJECT_CONVERSION = YES_AGGRESSIVE;
				CLANG_CXX_LANGUAGE_STANDARD = "gnu++14";
				CLANG_CXX_LIBRARY = "libc++";
				CLANG_ENABLE_MODULES = YES;
				CLANG_ENABLE_OBJC_ARC = YES;
				CLANG_WARN_BLOCK_CAPTURE_AUTORELEASING = YES;
				CLANG_WARN_BOOL_CONVERSION = YES;
				CLANG_WARN_COMMA = YES;
				CLANG_WARN_CONSTANT_CONVERSION = YES;
				CLANG_WARN_DIRECT_OBJC_ISA_USAGE = YES_ERROR;
				CLANG_WARN_DOCUMENTATION_COMMENTS = YES;
				CLANG_WARN_EMPTY_BODY = YES;
				CLANG_WARN_ENUM_CONVERSION = YES;
				CLANG_WARN_INFINITE_RECURSION = YES;
				CLANG_WARN_INT_CONVERSION = YES;
				CLANG_WARN_NON_LITERAL_NULL_CONVERSION = YES;
				CLANG_WARN_OBJC_LITERAL_CONVERSION = YES;
				CLANG_WARN_OBJC_ROOT_CLASS = YES_ERROR;
				CLANG_WARN_RANGE_LOOP_ANALYSIS = YES;
				CLANG_WARN_STRICT_PROTOTYPES = YES;
				CLANG_WARN_SUSPICIOUS_MOVE = YES;
				CLANG_WARN_UNGUARDED_AVAILABILITY = YES_AGGRESSIVE;
				CLANG_WARN_UNREACHABLE_CODE = YES;
				CLANG_WARN__DUPLICATE_METHOD_MATCH = YES;
				CODE_SIGN_IDENTITY = "iPhone Developer";
				COPY_PHASE_STRIP = NO;
				DEBUG_INFORMATION_FORMAT = dwarf;
				ENABLE_STRICT_OBJC_MSGSEND = YES;
				ENABLE_TESTABILITY = YES;
				GCC_C_LANGUAGE_STANDARD = gnu11;
				GCC_DYNAMIC_NO_PIC = NO;
				GCC_NO_COMMON_BLOCKS = YES;
				GCC_OPTIMIZATION_LEVEL = 0;
				GCC_PREPROCESSOR_DEFINITIONS = (
					"DEBUG=1",
					"$(inherited)",
				);
				GCC_WARN_64_TO_32_BIT_CONVERSION = YES;
				GCC_WARN_ABOUT_RETURN_TYPE = YES_ERROR;
				GCC_WARN_UNDECLARED_SELECTOR = YES;
				GCC_WARN_UNINITIALIZED_AUTOS = YES_AGGRESSIVE;
				GCC_WARN_UNUSED_FUNCTION = YES;
				GCC_WARN_UNUSED_VARIABLE = YES;
				IPHONEOS_DEPLOYMENT_TARGET = 11.0;
				MTL_ENABLE_DEBUG_INFO = YES;
				ONLY_ACTIVE_ARCH = YES;
				SDKROOT = iphoneos;
				SWIFT_ACTIVE_COMPILATION_CONDITIONS = DEBUG;
				SWIFT_OPTIMIZATION_LEVEL = "-Onone";
			};
			name = Debug;
		};
		2EA558511F8B722200D2E9EE /* Release */ = {
			isa = XCBuildConfiguration;
			buildSettings = {
				ALWAYS_SEARCH_USER_PATHS = NO;
				CLANG_ANALYZER_NONNULL = YES;
				CLANG_ANALYZER_NUMBER_OBJECT_CONVERSION = YES_AGGRESSIVE;
				CLANG_CXX_LANGUAGE_STANDARD = "gnu++14";
				CLANG_CXX_LIBRARY = "libc++";
				CLANG_ENABLE_MODULES = YES;
				CLANG_ENABLE_OBJC_ARC = YES;
				CLANG_WARN_BLOCK_CAPTURE_AUTORELEASING = YES;
				CLANG_WARN_BOOL_CONVERSION = YES;
				CLANG_WARN_COMMA = YES;
				CLANG_WARN_CONSTANT_CONVERSION = YES;
				CLANG_WARN_DIRECT_OBJC_ISA_USAGE = YES_ERROR;
				CLANG_WARN_DOCUMENTATION_COMMENTS = YES;
				CLANG_WARN_EMPTY_BODY = YES;
				CLANG_WARN_ENUM_CONVERSION = YES;
				CLANG_WARN_INFINITE_RECURSION = YES;
				CLANG_WARN_INT_CONVERSION = YES;
				CLANG_WARN_NON_LITERAL_NULL_CONVERSION = YES;
				CLANG_WARN_OBJC_LITERAL_CONVERSION = YES;
				CLANG_WARN_OBJC_ROOT_CLASS = YES_ERROR;
				CLANG_WARN_RANGE_LOOP_ANALYSIS = YES;
				CLANG_WARN_STRICT_PROTOTYPES = YES;
				CLANG_WARN_SUSPICIOUS_MOVE = YES;
				CLANG_WARN_UNGUARDED_AVAILABILITY = YES_AGGRESSIVE;
				CLANG_WARN_UNREACHABLE_CODE = YES;
				CLANG_WARN__DUPLICATE_METHOD_MATCH = YES;
				CODE_SIGN_IDENTITY = "iPhone Developer";
				COPY_PHASE_STRIP = NO;
				DEBUG_INFORMATION_FORMAT = "dwarf-with-dsym";
				ENABLE_NS_ASSERTIONS = NO;
				ENABLE_STRICT_OBJC_MSGSEND = YES;
				GCC_C_LANGUAGE_STANDARD = gnu11;
				GCC_NO_COMMON_BLOCKS = YES;
				GCC_WARN_64_TO_32_BIT_CONVERSION = YES;
				GCC_WARN_ABOUT_RETURN_TYPE = YES_ERROR;
				GCC_WARN_UNDECLARED_SELECTOR = YES;
				GCC_WARN_UNINITIALIZED_AUTOS = YES_AGGRESSIVE;
				GCC_WARN_UNUSED_FUNCTION = YES;
				GCC_WARN_UNUSED_VARIABLE = YES;
				IPHONEOS_DEPLOYMENT_TARGET = 11.0;
				MTL_ENABLE_DEBUG_INFO = NO;
				SDKROOT = iphoneos;
				SWIFT_OPTIMIZATION_LEVEL = "-Owholemodule";
				VALIDATE_PRODUCT = YES;
			};
			name = Release;
		};
		2EA558531F8B722200D2E9EE /* Debug */ = {
			isa = XCBuildConfiguration;
			baseConfigurationReference = 67E5116A8EF8B9F6E5A8E5D1 /* Pods-Survey.debug.xcconfig */;
			buildSettings = {
				ASSETCATALOG_COMPILER_APPICON_NAME = AppIcon;
				CODE_SIGN_STYLE = Automatic;
				DEVELOPMENT_TEAM = 426VKG8HJT;
				INFOPLIST_FILE = Survey/Info.plist;
				IPHONEOS_DEPLOYMENT_TARGET = 10.3;
				LD_RUNPATH_SEARCH_PATHS = "$(inherited) @executable_path/Frameworks";
				PRODUCT_BUNDLE_IDENTIFIER = com.uas.UASEma;
				PRODUCT_NAME = "$(TARGET_NAME)";
				SWIFT_VERSION = 4.0;
				TARGETED_DEVICE_FAMILY = 1;
			};
			name = Debug;
		};
		2EA558541F8B722200D2E9EE /* Release */ = {
			isa = XCBuildConfiguration;
			baseConfigurationReference = AFAAA4946A37D3E96A92475E /* Pods-Survey.release.xcconfig */;
			buildSettings = {
				ASSETCATALOG_COMPILER_APPICON_NAME = AppIcon;
				CODE_SIGN_STYLE = Automatic;
				DEVELOPMENT_TEAM = 426VKG8HJT;
				INFOPLIST_FILE = Survey/Info.plist;
				IPHONEOS_DEPLOYMENT_TARGET = 10.3;
				LD_RUNPATH_SEARCH_PATHS = "$(inherited) @executable_path/Frameworks";
				PRODUCT_BUNDLE_IDENTIFIER = com.uas.UASEma;
				PRODUCT_NAME = "$(TARGET_NAME)";
				SWIFT_VERSION = 4.0;
				TARGETED_DEVICE_FAMILY = 1;
			};
			name = Release;
		};
/* End XCBuildConfiguration section */

/* Begin XCConfigurationList section */
		2EA558381F8B722200D2E9EE /* Build configuration list for PBXProject "Survey" */ = {
			isa = XCConfigurationList;
			buildConfigurations = (
				2EA558501F8B722200D2E9EE /* Debug */,
				2EA558511F8B722200D2E9EE /* Release */,
			);
			defaultConfigurationIsVisible = 0;
			defaultConfigurationName = Release;
		};
		2EA558521F8B722200D2E9EE /* Build configuration list for PBXNativeTarget "Survey" */ = {
			isa = XCConfigurationList;
			buildConfigurations = (
				2EA558531F8B722200D2E9EE /* Debug */,
				2EA558541F8B722200D2E9EE /* Release */,
			);
			defaultConfigurationIsVisible = 0;
			defaultConfigurationName = Release;
		};
/* End XCConfigurationList section */

/* Begin XCVersionGroup section */
		2EA558471F8B722200D2E9EE /* Survey.xcdatamodeld */ = {
			isa = XCVersionGroup;
			children = (
				2EA558481F8B722200D2E9EE /* Survey.xcdatamodel */,
			);
			currentVersion = 2EA558481F8B722200D2E9EE /* Survey.xcdatamodel */;
			path = Survey.xcdatamodeld;
			sourceTree = "<group>";
			versionGroupType = wrapper.xcdatamodel;
		};
/* End XCVersionGroup section */
	};
	rootObject = 2EA558351F8B722200D2E9EE /* Project object */;
}
