// !$*UTF8*$!
{
	archiveVersion = 1;
	classes = {
	};
	objectVersion = 48;
	objects = {

/* Begin PBXBuildFile section */
		2EA558411F8B722200D2E9EE /* AppDelegate.swift in Sources */ = {isa = PBXBuildFile; fileRef = 2EA558401F8B722200D2E9EE /* AppDelegate.swift */; };
		2EA558431F8B722200D2E9EE /* ViewController.swift in Sources */ = {isa = PBXBuildFile; fileRef = 2EA558421F8B722200D2E9EE /* ViewController.swift */; };
		2EA558461F8B722200D2E9EE /* Main.storyboard in Resources */ = {isa = PBXBuildFile; fileRef = 2EA558441F8B722200D2E9EE /* Main.storyboard */; };
		2EA558491F8B722200D2E9EE /* Survey.xcdatamodeld in Sources */ = {isa = PBXBuildFile; fileRef = 2EA558471F8B722200D2E9EE /* Survey.xcdatamodeld */; };
		2EA5584B1F8B722200D2E9EE /* Assets.xcassets in Resources */ = {isa = PBXBuildFile; fileRef = 2EA5584A1F8B722200D2E9EE /* Assets.xcassets */; };
		2EA5584E1F8B722200D2E9EE /* LaunchScreen.storyboard in Resources */ = {isa = PBXBuildFile; fileRef = 2EA5584C1F8B722200D2E9EE /* LaunchScreen.storyboard */; };
		2EA558561F8B735C00D2E9EE /* admainViewController.swift in Sources */ = {isa = PBXBuildFile; fileRef = 2EA558551F8B735C00D2E9EE /* admainViewController.swift */; };
		2EA558581F8B736700D2E9EE /* recordViewController.swift in Sources */ = {isa = PBXBuildFile; fileRef = 2EA558571F8B736700D2E9EE /* recordViewController.swift */; };
		2EA5585A1F8B73BD00D2E9EE /* DateUtil.swift in Sources */ = {isa = PBXBuildFile; fileRef = 2EA558591F8B73BD00D2E9EE /* DateUtil.swift */; };
		2EA5585C1F8B73D700D2E9EE /* Constants.swift in Sources */ = {isa = PBXBuildFile; fileRef = 2EA5585B1F8B73D700D2E9EE /* Constants.swift */; };
		2EA5585E1F8B73F100D2E9EE /* Settings.swift in Sources */ = {isa = PBXBuildFile; fileRef = 2EA5585D1F8B73F100D2E9EE /* Settings.swift */; };
		2EA558601F8B73FF00D2E9EE /* Survey.swift in Sources */ = {isa = PBXBuildFile; fileRef = 2EA5585F1F8B73FF00D2E9EE /* Survey.swift */; };
		2EA558621F8B740B00D2E9EE /* UrlBuilder.swift in Sources */ = {isa = PBXBuildFile; fileRef = 2EA558611F8B740B00D2E9EE /* UrlBuilder.swift */; };
		2EA558641F8B75E100D2E9EE /* Uri.swift in Sources */ = {isa = PBXBuildFile; fileRef = 2EA558631F8B75E100D2E9EE /* Uri.swift */; };
/* End PBXBuildFile section */

/* Begin PBXFileReference section */
		2EA5583D1F8B722200D2E9EE /* Survey.app */ = {isa = PBXFileReference; explicitFileType = wrapper.application; includeInIndex = 0; path = Survey.app; sourceTree = BUILT_PRODUCTS_DIR; };
		2EA558401F8B722200D2E9EE /* AppDelegate.swift */ = {isa = PBXFileReference; lastKnownFileType = sourcecode.swift; path = AppDelegate.swift; sourceTree = "<group>"; };
		2EA558421F8B722200D2E9EE /* ViewController.swift */ = {isa = PBXFileReference; lastKnownFileType = sourcecode.swift; path = ViewController.swift; sourceTree = "<group>"; };
		2EA558451F8B722200D2E9EE /* Base */ = {isa = PBXFileReference; lastKnownFileType = file.storyboard; name = Base; path = Base.lproj/Main.storyboard; sourceTree = "<group>"; };
		2EA558481F8B722200D2E9EE /* Survey.xcdatamodel */ = {isa = PBXFileReference; lastKnownFileType = wrapper.xcdatamodel; path = Survey.xcdatamodel; sourceTree = "<group>"; };
		2EA5584A1F8B722200D2E9EE /* Assets.xcassets */ = {isa = PBXFileReference; lastKnownFileType = folder.assetcatalog; path = Assets.xcassets; sourceTree = "<group>"; };
		2EA5584D1F8B722200D2E9EE /* Base */ = {isa = PBXFileReference; lastKnownFileType = file.storyboard; name = Base; path = Base.lproj/LaunchScreen.storyboard; sourceTree = "<group>"; };
		2EA5584F1F8B722200D2E9EE /* Info.plist */ = {isa = PBXFileReference; lastKnownFileType = text.plist.xml; path = Info.plist; sourceTree = "<group>"; };
		2EA558551F8B735C00D2E9EE /* admainViewController.swift */ = {isa = PBXFileReference; lastKnownFileType = sourcecode.swift; path = admainViewController.swift; sourceTree = "<group>"; };
		2EA558571F8B736700D2E9EE /* recordViewController.swift */ = {isa = PBXFileReference; lastKnownFileType = sourcecode.swift; path = recordViewController.swift; sourceTree = "<group>"; };
		2EA558591F8B73BD00D2E9EE /* DateUtil.swift */ = {isa = PBXFileReference; lastKnownFileType = sourcecode.swift; path = DateUtil.swift; sourceTree = "<group>"; };
		2EA5585B1F8B73D700D2E9EE /* Constants.swift */ = {isa = PBXFileReference; lastKnownFileType = sourcecode.swift; path = Constants.swift; sourceTree = "<group>"; };
		2EA5585D1F8B73F100D2E9EE /* Settings.swift */ = {isa = PBXFileReference; lastKnownFileType = sourcecode.swift; path = Settings.swift; sourceTree = "<group>"; };
		2EA5585F1F8B73FF00D2E9EE /* Survey.swift */ = {isa = PBXFileReference; lastKnownFileType = sourcecode.swift; path = Survey.swift; sourceTree = "<group>"; };
		2EA558611F8B740B00D2E9EE /* UrlBuilder.swift */ = {isa = PBXFileReference; lastKnownFileType = sourcecode.swift; path = UrlBuilder.swift; sourceTree = "<group>"; };
		2EA558631F8B75E100D2E9EE /* Uri.swift */ = {isa = PBXFileReference; lastKnownFileType = sourcecode.swift; path = Uri.swift; sourceTree = "<group>"; };
/* End PBXFileReference section */

/* Begin PBXFrameworksBuildPhase section */
		2EA5583A1F8B722200D2E9EE /* Frameworks */ = {
			isa = PBXFrameworksBuildPhase;
			buildActionMask = 2147483647;
			files = (
			);
			runOnlyForDeploymentPostprocessing = 0;
		};
/* End PBXFrameworksBuildPhase section */

/* Begin PBXGroup section */
		2EA558341F8B722200D2E9EE = {
			isa = PBXGroup;
			children = (
				2EA5583F1F8B722200D2E9EE /* Survey */,
				2EA5583E1F8B722200D2E9EE /* Products */,
			);
			sourceTree = "<group>";
		};
		2EA5583E1F8B722200D2E9EE /* Products */ = {
			isa = PBXGroup;
			children = (
				2EA5583D1F8B722200D2E9EE /* Survey.app */,
			);
			name = Products;
			sourceTree = "<group>";
		};
		2EA5583F1F8B722200D2E9EE /* Survey */ = {
			isa = PBXGroup;
			children = (
				2EA558401F8B722200D2E9EE /* AppDelegate.swift */,
				2EA558421F8B722200D2E9EE /* ViewController.swift */,
				2EA558441F8B722200D2E9EE /* Main.storyboard */,
				2EA5584A1F8B722200D2E9EE /* Assets.xcassets */,
				2EA5585B1F8B73D700D2E9EE /* Constants.swift */,
				2EA5584C1F8B722200D2E9EE /* LaunchScreen.storyboard */,
				2EA558551F8B735C00D2E9EE /* admainViewController.swift */,
				2EA5585D1F8B73F100D2E9EE /* Settings.swift */,
				2EA558571F8B736700D2E9EE /* recordViewController.swift */,
				2EA5585F1F8B73FF00D2E9EE /* Survey.swift */,
				2EA5584F1F8B722200D2E9EE /* Info.plist */,
				2EA558631F8B75E100D2E9EE /* Uri.swift */,
				2EA558611F8B740B00D2E9EE /* UrlBuilder.swift */,
				2EA558591F8B73BD00D2E9EE /* DateUtil.swift */,
				2EA558471F8B722200D2E9EE /* Survey.xcdatamodeld */,
			);
			path = Survey;
			sourceTree = "<group>";
		};
/* End PBXGroup section */

/* Begin PBXNativeTarget section */
		2EA5583C1F8B722200D2E9EE /* Survey */ = {
			isa = PBXNativeTarget;
			buildConfigurationList = 2EA558521F8B722200D2E9EE /* Build configuration list for PBXNativeTarget "Survey" */;
			buildPhases = (
				2EA558391F8B722200D2E9EE /* Sources */,
				2EA5583A1F8B722200D2E9EE /* Frameworks */,
				2EA5583B1F8B722200D2E9EE /* Resources */,
			);
			buildRules = (
			);
			dependencies = (
			);
			name = Survey;
			productName = Survey;
			productReference = 2EA5583D1F8B722200D2E9EE /* Survey.app */;
			productType = "com.apple.product-type.application";
		};
/* End PBXNativeTarget section */

/* Begin PBXProject section */
		2EA558351F8B722200D2E9EE /* Project object */ = {
			isa = PBXProject;
			attributes = {
				LastSwiftUpdateCheck = 0900;
				LastUpgradeCheck = 0900;
				ORGANIZATIONNAME = "Qinjia Huang";
				TargetAttributes = {
					2EA5583C1F8B722200D2E9EE = {
						CreatedOnToolsVersion = 9.0;
						ProvisioningStyle = Automatic;
					};
				};
			};
			buildConfigurationList = 2EA558381F8B722200D2E9EE /* Build configuration list for PBXProject "Survey" */;
			compatibilityVersion = "Xcode 8.0";
			developmentRegion = en;
			hasScannedForEncodings = 0;
			knownRegions = (
				en,
				Base,
			);
			mainGroup = 2EA558341F8B722200D2E9EE;
			productRefGroup = 2EA5583E1F8B722200D2E9EE /* Products */;
			projectDirPath = "";
			projectRoot = "";
			targets = (
				2EA5583C1F8B722200D2E9EE /* Survey */,
			);
		};
/* End PBXProject section */

/* Begin PBXResourcesBuildPhase section */
		2EA5583B1F8B722200D2E9EE /* Resources */ = {
			isa = PBXResourcesBuildPhase;
			buildActionMask = 2147483647;
			files = (
				2EA5584E1F8B722200D2E9EE /* LaunchScreen.storyboard in Resources */,
				2EA5584B1F8B722200D2E9EE /* Assets.xcassets in Resources */,
				2EA558461F8B722200D2E9EE /* Main.storyboard in Resources */,
			);
			runOnlyForDeploymentPostprocessing = 0;
		};
/* End PBXResourcesBuildPhase section */

/* Begin PBXSourcesBuildPhase section */
		2EA558391F8B722200D2E9EE /* Sources */ = {
			isa = PBXSourcesBuildPhase;
			buildActionMask = 2147483647;
			files = (
				2EA558601F8B73FF00D2E9EE /* Survey.swift in Sources */,
				2EA558431F8B722200D2E9EE /* ViewController.swift in Sources */,
				2EA558411F8B722200D2E9EE /* AppDelegate.swift in Sources */,
				2EA558641F8B75E100D2E9EE /* Uri.swift in Sources */,
				2EA5585E1F8B73F100D2E9EE /* Settings.swift in Sources */,
				2EA558561F8B735C00D2E9EE /* admainViewController.swift in Sources */,
				2EA558621F8B740B00D2E9EE /* UrlBuilder.swift in Sources */,
				2EA5585A1F8B73BD00D2E9EE /* DateUtil.swift in Sources */,
				2EA5585C1F8B73D700D2E9EE /* Constants.swift in Sources */,
				2EA558581F8B736700D2E9EE /* recordViewController.swift in Sources */,
				2EA558491F8B722200D2E9EE /* Survey.xcdatamodeld in Sources */,
			);
			runOnlyForDeploymentPostprocessing = 0;
		};
/* End PBXSourcesBuildPhase section */

/* Begin PBXVariantGroup section */
		2EA558441F8B722200D2E9EE /* Main.storyboard */ = {
			isa = PBXVariantGroup;
			children = (
				2EA558451F8B722200D2E9EE /* Base */,
			);
			name = Main.storyboard;
			sourceTree = "<group>";
		};
		2EA5584C1F8B722200D2E9EE /* LaunchScreen.storyboard */ = {
			isa = PBXVariantGroup;
			children = (
				2EA5584D1F8B722200D2E9EE /* Base */,
			);
			name = LaunchScreen.storyboard;
			sourceTree = "<group>";
		};
/* End PBXVariantGroup section */

/* Begin XCBuildConfiguration section */
		2EA558501F8B722200D2E9EE /* Debug */ = {
			isa = XCBuildConfiguration;
			buildSettings = {
				ALWAYS_SEARCH_USER_PATHS = NO;
				CLANG_ANALYZER_NONNULL = YES;
				CLANG_ANALYZER_NUMBER_OBJECT_CONVERSION = YES_AGGRESSIVE;
				CLANG_CXX_LANGUAGE_STANDARD = "gnu++14";
				CLANG_CXX_LIBRARY = "libc++";
				CLANG_ENABLE_MODULES = YES;
				CLANG_ENABLE_OBJC_ARC = YES;
				CLANG_WARN_BLOCK_CAPTURE_AUTORELEASING = YES;
				CLANG_WARN_BOOL_CONVERSION = YES;
				CLANG_WARN_COMMA = YES;
				CLANG_WARN_CONSTANT_CONVERSION = YES;
				CLANG_WARN_DIRECT_OBJC_ISA_USAGE = YES_ERROR;
				CLANG_WARN_DOCUMENTATION_COMMENTS = YES;
				CLANG_WARN_EMPTY_BODY = YES;
				CLANG_WARN_ENUM_CONVERSION = YES;
				CLANG_WARN_INFINITE_RECURSION = YES;
				CLANG_WARN_INT_CONVERSION = YES;
				CLANG_WARN_NON_LITERAL_NULL_CONVERSION = YES;
				CLANG_WARN_OBJC_LITERAL_CONVERSION = YES;
				CLANG_WARN_OBJC_ROOT_CLASS = YES_ERROR;
				CLANG_WARN_RANGE_LOOP_ANALYSIS = YES;
				CLANG_WARN_STRICT_PROTOTYPES = YES;
				CLANG_WARN_SUSPICIOUS_MOVE = YES;
				CLANG_WARN_UNGUARDED_AVAILABILITY = YES_AGGRESSIVE;
				CLANG_WARN_UNREACHABLE_CODE = YES;
				CLANG_WARN__DUPLICATE_METHOD_MATCH = YES;
				CODE_SIGN_IDENTITY = "iPhone Developer";
				COPY_PHASE_STRIP = NO;
				DEBUG_INFORMATION_FORMAT = dwarf;
				ENABLE_STRICT_OBJC_MSGSEND = YES;
				ENABLE_TESTABILITY = YES;
				GCC_C_LANGUAGE_STANDARD = gnu11;
				GCC_DYNAMIC_NO_PIC = NO;
				GCC_NO_COMMON_BLOCKS = YES;
				GCC_OPTIMIZATION_LEVEL = 0;
				GCC_PREPROCESSOR_DEFINITIONS = (
					"DEBUG=1",
					"$(inherited)",
				);
				GCC_WARN_64_TO_32_BIT_CONVERSION = YES;
				GCC_WARN_ABOUT_RETURN_TYPE = YES_ERROR;
				GCC_WARN_UNDECLARED_SELECTOR = YES;
				GCC_WARN_UNINITIALIZED_AUTOS = YES_AGGRESSIVE;
				GCC_WARN_UNUSED_FUNCTION = YES;
				GCC_WARN_UNUSED_VARIABLE = YES;
				IPHONEOS_DEPLOYMENT_TARGET = 11.0;
				MTL_ENABLE_DEBUG_INFO = YES;
				ONLY_ACTIVE_ARCH = YES;
				SDKROOT = iphoneos;
				SWIFT_ACTIVE_COMPILATION_CONDITIONS = DEBUG;
				SWIFT_OPTIMIZATION_LEVEL = "-Onone";
			};
			name = Debug;
		};
		2EA558511F8B722200D2E9EE /* Release */ = {
			isa = XCBuildConfiguration;
			buildSettings = {
				ALWAYS_SEARCH_USER_PATHS = NO;
				CLANG_ANALYZER_NONNULL = YES;
				CLANG_ANALYZER_NUMBER_OBJECT_CONVERSION = YES_AGGRESSIVE;
				CLANG_CXX_LANGUAGE_STANDARD = "gnu++14";
				CLANG_CXX_LIBRARY = "libc++";
				CLANG_ENABLE_MODULES = YES;
				CLANG_ENABLE_OBJC_ARC = YES;
				CLANG_WARN_BLOCK_CAPTURE_AUTORELEASING = YES;
				CLANG_WARN_BOOL_CONVERSION = YES;
				CLANG_WARN_COMMA = YES;
				CLANG_WARN_CONSTANT_CONVERSION = YES;
				CLANG_WARN_DIRECT_OBJC_ISA_USAGE = YES_ERROR;
				CLANG_WARN_DOCUMENTATION_COMMENTS = YES;
				CLANG_WARN_EMPTY_BODY = YES;
				CLANG_WARN_ENUM_CONVERSION = YES;
				CLANG_WARN_INFINITE_RECURSION = YES;
				CLANG_WARN_INT_CONVERSION = YES;
				CLANG_WARN_NON_LITERAL_NULL_CONVERSION = YES;
				CLANG_WARN_OBJC_LITERAL_CONVERSION = YES;
				CLANG_WARN_OBJC_ROOT_CLASS = YES_ERROR;
				CLANG_WARN_RANGE_LOOP_ANALYSIS = YES;
				CLANG_WARN_STRICT_PROTOTYPES = YES;
				CLANG_WARN_SUSPICIOUS_MOVE = YES;
				CLANG_WARN_UNGUARDED_AVAILABILITY = YES_AGGRESSIVE;
				CLANG_WARN_UNREACHABLE_CODE = YES;
				CLANG_WARN__DUPLICATE_METHOD_MATCH = YES;
				CODE_SIGN_IDENTITY = "iPhone Developer";
				COPY_PHASE_STRIP = NO;
				DEBUG_INFORMATION_FORMAT = "dwarf-with-dsym";
				ENABLE_NS_ASSERTIONS = NO;
				ENABLE_STRICT_OBJC_MSGSEND = YES;
				GCC_C_LANGUAGE_STANDARD = gnu11;
				GCC_NO_COMMON_BLOCKS = YES;
				GCC_WARN_64_TO_32_BIT_CONVERSION = YES;
				GCC_WARN_ABOUT_RETURN_TYPE = YES_ERROR;
				GCC_WARN_UNDECLARED_SELECTOR = YES;
				GCC_WARN_UNINITIALIZED_AUTOS = YES_AGGRESSIVE;
				GCC_WARN_UNUSED_FUNCTION = YES;
				GCC_WARN_UNUSED_VARIABLE = YES;
				IPHONEOS_DEPLOYMENT_TARGET = 11.0;
				MTL_ENABLE_DEBUG_INFO = NO;
				SDKROOT = iphoneos;
				SWIFT_OPTIMIZATION_LEVEL = "-Owholemodule";
				VALIDATE_PRODUCT = YES;
			};
			name = Release;
		};
		2EA558531F8B722200D2E9EE /* Debug */ = {
			isa = XCBuildConfiguration;
			buildSettings = {
				ASSETCATALOG_COMPILER_APPICON_NAME = AppIcon;
				CODE_SIGN_STYLE = Automatic;
				INFOPLIST_FILE = Survey/Info.plist;
				LD_RUNPATH_SEARCH_PATHS = "$(inherited) @executable_path/Frameworks";
				PRODUCT_BUNDLE_IDENTIFIER = edu.uscCESR.Survey;
				PRODUCT_NAME = "$(TARGET_NAME)";
				SWIFT_VERSION = 4.0;
				TARGETED_DEVICE_FAMILY = "1,2";
			};
			name = Debug;
		};
		2EA558541F8B722200D2E9EE /* Release */ = {
			isa = XCBuildConfiguration;
			buildSettings = {
				ASSETCATALOG_COMPILER_APPICON_NAME = AppIcon;
				CODE_SIGN_STYLE = Automatic;
				INFOPLIST_FILE = Survey/Info.plist;
				LD_RUNPATH_SEARCH_PATHS = "$(inherited) @executable_path/Frameworks";
				PRODUCT_BUNDLE_IDENTIFIER = edu.uscCESR.Survey;
				PRODUCT_NAME = "$(TARGET_NAME)";
				SWIFT_VERSION = 4.0;
				TARGETED_DEVICE_FAMILY = "1,2";
			};
			name = Release;
		};
/* End XCBuildConfiguration section */

/* Begin XCConfigurationList section */
		2EA558381F8B722200D2E9EE /* Build configuration list for PBXProject "Survey" */ = {
			isa = XCConfigurationList;
			buildConfigurations = (
				2EA558501F8B722200D2E9EE /* Debug */,
				2EA558511F8B722200D2E9EE /* Release */,
			);
			defaultConfigurationIsVisible = 0;
			defaultConfigurationName = Release;
		};
		2EA558521F8B722200D2E9EE /* Build configuration list for PBXNativeTarget "Survey" */ = {
			isa = XCConfigurationList;
			buildConfigurations = (
				2EA558531F8B722200D2E9EE /* Debug */,
				2EA558541F8B722200D2E9EE /* Release */,
			);
			defaultConfigurationIsVisible = 0;
			defaultConfigurationName = Release;
		};
/* End XCConfigurationList section */

/* Begin XCVersionGroup section */
		2EA558471F8B722200D2E9EE /* Survey.xcdatamodeld */ = {
			isa = XCVersionGroup;
			children = (
				2EA558481F8B722200D2E9EE /* Survey.xcdatamodel */,
			);
			currentVersion = 2EA558481F8B722200D2E9EE /* Survey.xcdatamodel */;
			path = Survey.xcdatamodeld;
			sourceTree = "<group>";
			versionGroupType = wrapper.xcdatamodel;
		};
/* End XCVersionGroup section */
	};
	rootObject = 2EA558351F8B722200D2E9EE /* Project object */;
}
